lockfileVersion: 5.3

specifiers:
  '@rmw/coffee-label-patch': ^0.0.17
  coffeescript: ^2.7.0

devDependencies:
  '@rmw/coffee-label-patch': 0.0.17
  coffeescript: 2.7.0

packages:

  /@rmw/coffee-label-patch/0.0.17:
    resolution: {integrity: sha512-RGdh3dUyF/aWTeYRkM2o+YrB83c29toRxxrUtW5Cr7J5Wf+srTOjW3X6M+zlrX5ogGhuaqp+WUSWPYgYRXWxaA==}
    dev: true

  /coffeescript/2.7.0:
    resolution: {integrity: sha512-hzWp6TUE2d/jCcN67LrW1eh5b/rSDKQK6oD6VMLlggYVUUFexgTH9z3dNYihzX4RMhze5FTUsUmOXViJKFQR/A==}
    engines: {node: '>=6'}
    hasBin: true
    dev: true
